
Microsoft Visual Studio Solution File, Format Version 12.00
# Visual Studio Version 17
VisualStudioVersion = 17.4.33213.308
MinimumVisualStudioVersion = 10.0.40219.1
Project("{FAE04EC0-301F-11D3-BF4B-00C04F79EFBC}") = "[M01S02] Ex 4", "[M01S02] Ex 4\[M01S02] Ex 4.csproj", "{1C3377FF-5565-4C90-A34C-BF0D9564997C}"
EndProject
Global
	GlobalSection(SolutionConfigurationPlatforms) = preSolution
		Debug|Any CPU = Debug|Any CPU
		Release|Any CPU = Release|Any CPU
	EndGlobalSection
	GlobalSection(ProjectConfigurationPlatforms) = postSolution
		{1C3377FF-5565-4C90-A34C-BF0D9564997C}.Debug|Any CPU.ActiveCfg = Debug|Any CPU
		{1C3377FF-5565-4C90-A34C-BF0D9564997C}.Debug|Any CPU.Build.0 = Debug|Any CPU
		{1C3377FF-5565-4C90-A34C-BF0D9564997C}.Release|Any CPU.ActiveCfg = Release|Any CPU
		{1C3377FF-5565-4C90-A34C-BF0D9564997C}.Release|Any CPU.Build.0 = Release|Any CPU
	EndGlobalSection
	GlobalSection(SolutionProperties) = preSolution
		HideSolutionNode = FALSE
	EndGlobalSection
	GlobalSection(ExtensibilityGlobals) = postSolution
		SolutionGuid = {C9F18CDB-EAF2-489A-A609-DE9413E57378}
	EndGlobalSection
EndGlobal
