
Microsoft Visual Studio Solution File, Format Version 12.00
# Visual Studio Version 17
VisualStudioVersion = 17.5.33516.290
MinimumVisualStudioVersion = 10.0.40219.1
Project("{9A19103F-16F7-4668-BE54-9A1E7A4F7556}") = "PizzariaM1S09", "PizzariaM1S09.csproj", "{CF7B0584-1369-49C1-AA78-BB8C0756C985}"
EndProject
Global
	GlobalSection(SolutionConfigurationPlatforms) = preSolution
		Debug|Any CPU = Debug|Any CPU
		Release|Any CPU = Release|Any CPU
	EndGlobalSection
	GlobalSection(ProjectConfigurationPlatforms) = postSolution
		{CF7B0584-1369-49C1-AA78-BB8C0756C985}.Debug|Any CPU.ActiveCfg = Debug|Any CPU
		{CF7B0584-1369-49C1-AA78-BB8C0756C985}.Debug|Any CPU.Build.0 = Debug|Any CPU
		{CF7B0584-1369-49C1-AA78-BB8C0756C985}.Release|Any CPU.ActiveCfg = Release|Any CPU
		{CF7B0584-1369-49C1-AA78-BB8C0756C985}.Release|Any CPU.Build.0 = Release|Any CPU
	EndGlobalSection
	GlobalSection(SolutionProperties) = preSolution
		HideSolutionNode = FALSE
	EndGlobalSection
	GlobalSection(ExtensibilityGlobals) = postSolution
		SolutionGuid = {AFF614F0-969F-47C3-A0CA-614CE9B95814}
	EndGlobalSection
EndGlobal
