
Microsoft Visual Studio Solution File, Format Version 12.00
# Visual Studio Version 17
VisualStudioVersion = 17.4.33213.308
MinimumVisualStudioVersion = 10.0.40219.1
Project("{FAE04EC0-301F-11D3-BF4B-00C04F79EFBC}") = "[M01S02] Ex 3", "[M01S02] Ex 3\[M01S02] Ex 3.csproj", "{D9298B12-1D53-404E-982E-ED250B43CABB}"
EndProject
Global
	GlobalSection(SolutionConfigurationPlatforms) = preSolution
		Debug|Any CPU = Debug|Any CPU
		Release|Any CPU = Release|Any CPU
	EndGlobalSection
	GlobalSection(ProjectConfigurationPlatforms) = postSolution
		{D9298B12-1D53-404E-982E-ED250B43CABB}.Debug|Any CPU.ActiveCfg = Debug|Any CPU
		{D9298B12-1D53-404E-982E-ED250B43CABB}.Debug|Any CPU.Build.0 = Debug|Any CPU
		{D9298B12-1D53-404E-982E-ED250B43CABB}.Release|Any CPU.ActiveCfg = Release|Any CPU
		{D9298B12-1D53-404E-982E-ED250B43CABB}.Release|Any CPU.Build.0 = Release|Any CPU
	EndGlobalSection
	GlobalSection(SolutionProperties) = preSolution
		HideSolutionNode = FALSE
	EndGlobalSection
	GlobalSection(ExtensibilityGlobals) = postSolution
		SolutionGuid = {CCA1C10C-A1A2-44FD-88E8-B7732F13300D}
	EndGlobalSection
EndGlobal
